// !$*UTF8*$!
{
	archiveVersion = 1;
	classes = {
	};
	objectVersion = 46;
	objects = {

/* Begin PBXBuildFile section */
		651B96581A79123700154A3C /* main.m in Sources */ = {isa = PBXBuildFile; fileRef = 651B96571A79123700154A3C /* main.m */; };
		651B965B1A79123700154A3C /* AppDelegate.m in Sources */ = {isa = PBXBuildFile; fileRef = 651B965A1A79123700154A3C /* AppDelegate.m */; };
		651B965D1A79123700154A3C /* Images.xcassets in Resources */ = {isa = PBXBuildFile; fileRef = 651B965C1A79123700154A3C /* Images.xcassets */; };
		651B96601A79123700154A3C /* LaunchScreen.xib in Resources */ = {isa = PBXBuildFile; fileRef = 651B965E1A79123700154A3C /* LaunchScreen.xib */; };
		651B966C1A79123800154A3C /* SoccerZeroTests.m in Sources */ = {isa = PBXBuildFile; fileRef = 651B966B1A79123800154A3C /* SoccerZeroTests.m */; };
		651B96781A7912A600154A3C /* DLMKMainMenuViewController.m in Sources */ = {isa = PBXBuildFile; fileRef = 651B96761A7912A600154A3C /* DLMKMainMenuViewController.m */; };
		651B96791A7912A600154A3C /* DLMKMainMenuViewController.xib in Resources */ = {isa = PBXBuildFile; fileRef = 651B96771A7912A600154A3C /* DLMKMainMenuViewController.xib */; };
		653B864B1A92147500E9E90D /* DLMKBaseManagedObject.m in Sources */ = {isa = PBXBuildFile; fileRef = 653B864A1A92147500E9E90D /* DLMKBaseManagedObject.m */; };
		653B86761A92238B00E9E90D /* _DLMKMatchStats.m in Sources */ = {isa = PBXBuildFile; fileRef = 653B866D1A92238B00E9E90D /* _DLMKMatchStats.m */; };
		653B86771A92238B00E9E90D /* _DLMKPlayerDescriptor.m in Sources */ = {isa = PBXBuildFile; fileRef = 653B866F1A92238B00E9E90D /* _DLMKPlayerDescriptor.m */; };
		653B86781A92238B00E9E90D /* _DLMKPlayerStats.m in Sources */ = {isa = PBXBuildFile; fileRef = 653B86711A92238B00E9E90D /* _DLMKPlayerStats.m */; };
		653B86791A92238B00E9E90D /* _DLMKTeamDescriptor.m in Sources */ = {isa = PBXBuildFile; fileRef = 653B86731A92238B00E9E90D /* _DLMKTeamDescriptor.m */; };
		653B867A1A92238B00E9E90D /* _DLMKTeamStats.m in Sources */ = {isa = PBXBuildFile; fileRef = 653B86751A92238B00E9E90D /* _DLMKTeamStats.m */; };
		653B86851A9223AB00E9E90D /* DLMKMatchStats.m in Sources */ = {isa = PBXBuildFile; fileRef = 653B867C1A9223AB00E9E90D /* DLMKMatchStats.m */; };
		653B86861A9223AB00E9E90D /* DLMKPlayerDescriptor.m in Sources */ = {isa = PBXBuildFile; fileRef = 653B867E1A9223AB00E9E90D /* DLMKPlayerDescriptor.m */; };
		653B86871A9223AB00E9E90D /* DLMKPlayerStats.m in Sources */ = {isa = PBXBuildFile; fileRef = 653B86801A9223AB00E9E90D /* DLMKPlayerStats.m */; };
		653B86881A9223AB00E9E90D /* DLMKTeamDescriptor.m in Sources */ = {isa = PBXBuildFile; fileRef = 653B86821A9223AB00E9E90D /* DLMKTeamDescriptor.m */; };
		653B86891A9223AB00E9E90D /* DLMKTeamStats.m in Sources */ = {isa = PBXBuildFile; fileRef = 653B86841A9223AB00E9E90D /* DLMKTeamStats.m */; };
		653B868D1A92259900E9E90D /* DLMKModelServer.m in Sources */ = {isa = PBXBuildFile; fileRef = 653B868C1A92259900E9E90D /* DLMKModelServer.m */; };
		653B868F1A9228C600E9E90D /* pause_256x256.png in Resources */ = {isa = PBXBuildFile; fileRef = 653B868E1A9228C600E9E90D /* pause_256x256.png */; };
		6545E1B21A9DDED0009A8C8A /* DLMKDefaultCollectionLayout.m in Sources */ = {isa = PBXBuildFile; fileRef = 6545E1B11A9DDED0009A8C8A /* DLMKDefaultCollectionLayout.m */; };
		6545E1BB1A9DEC9E009A8C8A /* DLMKPhotoTableViewCell.m in Sources */ = {isa = PBXBuildFile; fileRef = 6545E1B91A9DEC9E009A8C8A /* DLMKPhotoTableViewCell.m */; };
		6545E1BC1A9DEC9E009A8C8A /* DLMKPhotoTableViewCell.xib in Resources */ = {isa = PBXBuildFile; fileRef = 6545E1BA1A9DEC9E009A8C8A /* DLMKPhotoTableViewCell.xib */; };
		6545E1C01A9DECAA009A8C8A /* DLMKPhotoViewController.m in Sources */ = {isa = PBXBuildFile; fileRef = 6545E1BE1A9DECAA009A8C8A /* DLMKPhotoViewController.m */; };
		6545E1C11A9DECAA009A8C8A /* DLMKPhotoViewController.xib in Resources */ = {isa = PBXBuildFile; fileRef = 6545E1BF1A9DECAA009A8C8A /* DLMKPhotoViewController.xib */; };
		6545E1C41A9DEE92009A8C8A /* DLMKPhotoContainer.m in Sources */ = {isa = PBXBuildFile; fileRef = 6545E1C31A9DEE92009A8C8A /* DLMKPhotoContainer.m */; };
		6545E1C71A9DEE9F009A8C8A /* _DLMKPhotoContainer.m in Sources */ = {isa = PBXBuildFile; fileRef = 6545E1C61A9DEE9F009A8C8A /* _DLMKPhotoContainer.m */; };
		6545E1D11A9DEEF3009A8C8A /* UIImage+Alpha.m in Sources */ = {isa = PBXBuildFile; fileRef = 6545E1CA1A9DEEF3009A8C8A /* UIImage+Alpha.m */; };
		6545E1D21A9DEEF3009A8C8A /* UIImage+Resize.m in Sources */ = {isa = PBXBuildFile; fileRef = 6545E1CC1A9DEEF3009A8C8A /* UIImage+Resize.m */; };
		6545E1D31A9DEEF3009A8C8A /* UIImage+RoundedCorner.m in Sources */ = {isa = PBXBuildFile; fileRef = 6545E1CE1A9DEEF3009A8C8A /* UIImage+RoundedCorner.m */; };
		6545E1D41A9DEEF3009A8C8A /* UIViewController+Navigation.m in Sources */ = {isa = PBXBuildFile; fileRef = 6545E1D01A9DEEF3009A8C8A /* UIViewController+Navigation.m */; };
		6545E1DD1A9E2B3F009A8C8A /* DLMKEditTeamCollectionViewCell.m in Sources */ = {isa = PBXBuildFile; fileRef = 6545E1DB1A9E2B3F009A8C8A /* DLMKEditTeamCollectionViewCell.m */; };
		6545E1DE1A9E2B3F009A8C8A /* DLMKEditTeamCollectionViewCell.xib in Resources */ = {isa = PBXBuildFile; fileRef = 6545E1DC1A9E2B3F009A8C8A /* DLMKEditTeamCollectionViewCell.xib */; };
		6545E1E01A9E2E16009A8C8A /* camera_256x256.png in Resources */ = {isa = PBXBuildFile; fileRef = 6545E1DF1A9E2E16009A8C8A /* camera_256x256.png */; };
		6545E1E91A9E4950009A8C8A /* DLMKEditTeamDescriptorViewController.m in Sources */ = {isa = PBXBuildFile; fileRef = 6545E1E71A9E4950009A8C8A /* DLMKEditTeamDescriptorViewController.m */; };
		6545E1EA1A9E4950009A8C8A /* DLMKEditTeamDescriptorViewController.xib in Resources */ = {isa = PBXBuildFile; fileRef = 6545E1E81A9E4950009A8C8A /* DLMKEditTeamDescriptorViewController.xib */; };
		6545E1F01A9F1F60009A8C8A /* DLMKTeamCollectionViewController.m in Sources */ = {isa = PBXBuildFile; fileRef = 6545E1EE1A9F1F60009A8C8A /* DLMKTeamCollectionViewController.m */; };
		6545E1F11A9F1F60009A8C8A /* DLMKTeamCollectionViewController.xib in Resources */ = {isa = PBXBuildFile; fileRef = 6545E1EF1A9F1F60009A8C8A /* DLMKTeamCollectionViewController.xib */; };
		655F4ACD1A94A157006DB768 /* DLMKEditPlayerDescriptorTableViewController.m in Sources */ = {isa = PBXBuildFile; fileRef = 655F4ACB1A94A157006DB768 /* DLMKEditPlayerDescriptorTableViewController.m */; };
		655F4ACE1A94A157006DB768 /* DLMKEditPlayerDescriptorTableViewController.xib in Resources */ = {isa = PBXBuildFile; fileRef = 655F4ACC1A94A157006DB768 /* DLMKEditPlayerDescriptorTableViewController.xib */; };
		655F4AD21A950DE0006DB768 /* DLMKPlayerNameTableViewCell.m in Sources */ = {isa = PBXBuildFile; fileRef = 655F4AD01A950DE0006DB768 /* DLMKPlayerNameTableViewCell.m */; };
		655F4AD31A950DE0006DB768 /* DLMKPlayerNameTableViewCell.xib in Resources */ = {isa = PBXBuildFile; fileRef = 655F4AD11A950DE0006DB768 /* DLMKPlayerNameTableViewCell.xib */; };
		655F4ADB1A961301006DB768 /* DLMKCustomCellType.m in Sources */ = {isa = PBXBuildFile; fileRef = 655F4ADA1A961301006DB768 /* DLMKCustomCellType.m */; };
		655F4ADF1A96147B006DB768 /* DLMKCustomCellTypeCollection.m in Sources */ = {isa = PBXBuildFile; fileRef = 655F4ADE1A96147B006DB768 /* DLMKCustomCellTypeCollection.m */; };
		655F4AE41A961EE0006DB768 /* DLMKPlayerNumberTableViewCell.m in Sources */ = {isa = PBXBuildFile; fileRef = 655F4AE21A961EE0006DB768 /* DLMKPlayerNumberTableViewCell.m */; };
		655F4AE51A961EE0006DB768 /* DLMKPlayerNumberTableViewCell.xib in Resources */ = {isa = PBXBuildFile; fileRef = 655F4AE31A961EE0006DB768 /* DLMKPlayerNumberTableViewCell.xib */; };
		657BB1641A7AA98500A528EB /* person_128x128.png in Resources */ = {isa = PBXBuildFile; fileRef = 657BB1631A7AA98500A528EB /* person_128x128.png */; };
		65917CBE1A7914A300DC9940 /* play_128x128.png in Resources */ = {isa = PBXBuildFile; fileRef = 65917CBD1A7914A300DC9940 /* play_128x128.png */; };
		65917CC11A7914F000DC9940 /* gear_256x256.png in Resources */ = {isa = PBXBuildFile; fileRef = 65917CC01A7914F000DC9940 /* gear_256x256.png */; };
		65917CC31A79152400DC9940 /* statistics_128x128.png in Resources */ = {isa = PBXBuildFile; fileRef = 65917CC21A79152400DC9940 /* statistics_128x128.png */; };
		659B01891A98F9C000437970 /* DLMKTeamStatsSelectorTableViewController.m in Sources */ = {isa = PBXBuildFile; fileRef = 659B01871A98F9C000437970 /* DLMKTeamStatsSelectorTableViewController.m */; };
		659B018A1A98F9C000437970 /* DLMKTeamStatsSelectorTableViewController.xib in Resources */ = {isa = PBXBuildFile; fileRef = 659B01881A98F9C000437970 /* DLMKTeamStatsSelectorTableViewController.xib */; };
		659B01921A9B345E00437970 /* DLMKPlayerStatsTableViewCell.m in Sources */ = {isa = PBXBuildFile; fileRef = 659B01901A9B345E00437970 /* DLMKPlayerStatsTableViewCell.m */; };
		659B01931A9B345E00437970 /* DLMKPlayerStatsTableViewCell.xib in Resources */ = {isa = PBXBuildFile; fileRef = 659B01911A9B345E00437970 /* DLMKPlayerStatsTableViewCell.xib */; };
		659B01951A9B35B700437970 /* goal_256x256.png in Resources */ = {isa = PBXBuildFile; fileRef = 659B01941A9B35B700437970 /* goal_256x256.png */; };
		659B01971A9B36ED00437970 /* pass_512x512.png in Resources */ = {isa = PBXBuildFile; fileRef = 659B01961A9B36ED00437970 /* pass_512x512.png */; };
		659B019C1A9B88D300437970 /* DLMKMatchStatsSelectorTableViewController.m in Sources */ = {isa = PBXBuildFile; fileRef = 659B019A1A9B88D300437970 /* DLMKMatchStatsSelectorTableViewController.m */; };
		659B019D1A9B88D300437970 /* DLMKMatchStatsSelectorTableViewController.xib in Resources */ = {isa = PBXBuildFile; fileRef = 659B019B1A9B88D300437970 /* DLMKMatchStatsSelectorTableViewController.xib */; };
		659B01A11A9B9FE300437970 /* DLMKMatchStatsTableViewCell.m in Sources */ = {isa = PBXBuildFile; fileRef = 659B019F1A9B9FE300437970 /* DLMKMatchStatsTableViewCell.m */; };
		659B01A21A9B9FE300437970 /* DLMKMatchStatsTableViewCell.xib in Resources */ = {isa = PBXBuildFile; fileRef = 659B01A01A9B9FE300437970 /* DLMKMatchStatsTableViewCell.xib */; };
		659B01A61A9C7D9000437970 /* _DLMKRivalStats.m in Sources */ = {isa = PBXBuildFile; fileRef = 659B01A51A9C7D9000437970 /* _DLMKRivalStats.m */; };
		659B01A91A9C7D9D00437970 /* DLMKRivalStats.m in Sources */ = {isa = PBXBuildFile; fileRef = 659B01A81A9C7D9D00437970 /* DLMKRivalStats.m */; };
		659B01AD1A9CB5A400437970 /* DLMKPlayerDescriptorCollectionViewCell.m in Sources */ = {isa = PBXBuildFile; fileRef = 659B01AB1A9CB5A400437970 /* DLMKPlayerDescriptorCollectionViewCell.m */; };
		659B01AE1A9CB5A400437970 /* DLMKPlayerDescriptorCollectionViewCell.xib in Resources */ = {isa = PBXBuildFile; fileRef = 659B01AC1A9CB5A400437970 /* DLMKPlayerDescriptorCollectionViewCell.xib */; };
		65B92B921A91F72400A95378 /* AGTCoreDataStack.m in Sources */ = {isa = PBXBuildFile; fileRef = 65B92B911A91F72400A95378 /* AGTCoreDataStack.m */; };
		65B92B951A91F83A00A95378 /* Model.xcdatamodeld in Sources */ = {isa = PBXBuildFile; fileRef = 65B92B931A91F83A00A95378 /* Model.xcdatamodeld */; };
		65FA2AB71A7BD7E300E87793 /* DLMKMatchViewController.m in Sources */ = {isa = PBXBuildFile; fileRef = 65FA2AB51A7BD7E300E87793 /* DLMKMatchViewController.m */; };
		65FA2AB81A7BD7E300E87793 /* DLMKMatchViewController.xib in Resources */ = {isa = PBXBuildFile; fileRef = 65FA2AB61A7BD7E300E87793 /* DLMKMatchViewController.xib */; };
		65FA2ABE1A7C220000E87793 /* DLMKTimeServer.m in Sources */ = {isa = PBXBuildFile; fileRef = 65FA2ABD1A7C220000E87793 /* DLMKTimeServer.m */; };
/* End PBXBuildFile section */

/* Begin PBXContainerItemProxy section */
		651B96661A79123800154A3C /* PBXContainerItemProxy */ = {
			isa = PBXContainerItemProxy;
			containerPortal = 651B964A1A79123700154A3C /* Project object */;
			proxyType = 1;
			remoteGlobalIDString = 651B96511A79123700154A3C;
			remoteInfo = SoccerZero;
		};
/* End PBXContainerItemProxy section */

/* Begin PBXFileReference section */
		651B96521A79123700154A3C /* SoccerZero.app */ = {isa = PBXFileReference; explicitFileType = wrapper.application; includeInIndex = 0; path = SoccerZero.app; sourceTree = BUILT_PRODUCTS_DIR; };
		651B96561A79123700154A3C /* Info.plist */ = {isa = PBXFileReference; lastKnownFileType = text.plist.xml; path = Info.plist; sourceTree = "<group>"; };
		651B96571A79123700154A3C /* main.m */ = {isa = PBXFileReference; lastKnownFileType = sourcecode.c.objc; path = main.m; sourceTree = "<group>"; };
		651B96591A79123700154A3C /* AppDelegate.h */ = {isa = PBXFileReference; lastKnownFileType = sourcecode.c.h; path = AppDelegate.h; sourceTree = "<group>"; };
		651B965A1A79123700154A3C /* AppDelegate.m */ = {isa = PBXFileReference; lastKnownFileType = sourcecode.c.objc; path = AppDelegate.m; sourceTree = "<group>"; };
		651B965C1A79123700154A3C /* Images.xcassets */ = {isa = PBXFileReference; lastKnownFileType = folder.assetcatalog; path = Images.xcassets; sourceTree = "<group>"; };
		651B965F1A79123700154A3C /* Base */ = {isa = PBXFileReference; lastKnownFileType = file.xib; name = Base; path = Base.lproj/LaunchScreen.xib; sourceTree = "<group>"; };
		651B96651A79123800154A3C /* SoccerZeroTests.xctest */ = {isa = PBXFileReference; explicitFileType = wrapper.cfbundle; includeInIndex = 0; path = SoccerZeroTests.xctest; sourceTree = BUILT_PRODUCTS_DIR; };
		651B966A1A79123800154A3C /* Info.plist */ = {isa = PBXFileReference; lastKnownFileType = text.plist.xml; path = Info.plist; sourceTree = "<group>"; };
		651B966B1A79123800154A3C /* SoccerZeroTests.m */ = {isa = PBXFileReference; lastKnownFileType = sourcecode.c.objc; path = SoccerZeroTests.m; sourceTree = "<group>"; };
		651B96751A7912A600154A3C /* DLMKMainMenuViewController.h */ = {isa = PBXFileReference; fileEncoding = 4; lastKnownFileType = sourcecode.c.h; path = DLMKMainMenuViewController.h; sourceTree = "<group>"; };
		651B96761A7912A600154A3C /* DLMKMainMenuViewController.m */ = {isa = PBXFileReference; fileEncoding = 4; lastKnownFileType = sourcecode.c.objc; path = DLMKMainMenuViewController.m; sourceTree = "<group>"; };
		651B96771A7912A600154A3C /* DLMKMainMenuViewController.xib */ = {isa = PBXFileReference; fileEncoding = 4; lastKnownFileType = file.xib; path = DLMKMainMenuViewController.xib; sourceTree = "<group>"; };
		653B86491A92147500E9E90D /* DLMKBaseManagedObject.h */ = {isa = PBXFileReference; fileEncoding = 4; lastKnownFileType = sourcecode.c.h; path = DLMKBaseManagedObject.h; sourceTree = "<group>"; };
		653B864A1A92147500E9E90D /* DLMKBaseManagedObject.m */ = {isa = PBXFileReference; fileEncoding = 4; lastKnownFileType = sourcecode.c.objc; path = DLMKBaseManagedObject.m; sourceTree = "<group>"; };
		653B866C1A92238B00E9E90D /* _DLMKMatchStats.h */ = {isa = PBXFileReference; fileEncoding = 4; lastKnownFileType = sourcecode.c.h; path = _DLMKMatchStats.h; sourceTree = "<group>"; };
		653B866D1A92238B00E9E90D /* _DLMKMatchStats.m */ = {isa = PBXFileReference; fileEncoding = 4; lastKnownFileType = sourcecode.c.objc; path = _DLMKMatchStats.m; sourceTree = "<group>"; };
		653B866E1A92238B00E9E90D /* _DLMKPlayerDescriptor.h */ = {isa = PBXFileReference; fileEncoding = 4; lastKnownFileType = sourcecode.c.h; path = _DLMKPlayerDescriptor.h; sourceTree = "<group>"; };
		653B866F1A92238B00E9E90D /* _DLMKPlayerDescriptor.m */ = {isa = PBXFileReference; fileEncoding = 4; lastKnownFileType = sourcecode.c.objc; path = _DLMKPlayerDescriptor.m; sourceTree = "<group>"; };
		653B86701A92238B00E9E90D /* _DLMKPlayerStats.h */ = {isa = PBXFileReference; fileEncoding = 4; lastKnownFileType = sourcecode.c.h; path = _DLMKPlayerStats.h; sourceTree = "<group>"; };
		653B86711A92238B00E9E90D /* _DLMKPlayerStats.m */ = {isa = PBXFileReference; fileEncoding = 4; lastKnownFileType = sourcecode.c.objc; path = _DLMKPlayerStats.m; sourceTree = "<group>"; };
		653B86721A92238B00E9E90D /* _DLMKTeamDescriptor.h */ = {isa = PBXFileReference; fileEncoding = 4; lastKnownFileType = sourcecode.c.h; path = _DLMKTeamDescriptor.h; sourceTree = "<group>"; };
		653B86731A92238B00E9E90D /* _DLMKTeamDescriptor.m */ = {isa = PBXFileReference; fileEncoding = 4; lastKnownFileType = sourcecode.c.objc; path = _DLMKTeamDescriptor.m; sourceTree = "<group>"; };
		653B86741A92238B00E9E90D /* _DLMKTeamStats.h */ = {isa = PBXFileReference; fileEncoding = 4; lastKnownFileType = sourcecode.c.h; path = _DLMKTeamStats.h; sourceTree = "<group>"; };
		653B86751A92238B00E9E90D /* _DLMKTeamStats.m */ = {isa = PBXFileReference; fileEncoding = 4; lastKnownFileType = sourcecode.c.objc; path = _DLMKTeamStats.m; sourceTree = "<group>"; };
		653B867B1A9223AB00E9E90D /* DLMKMatchStats.h */ = {isa = PBXFileReference; fileEncoding = 4; lastKnownFileType = sourcecode.c.h; path = DLMKMatchStats.h; sourceTree = "<group>"; };
		653B867C1A9223AB00E9E90D /* DLMKMatchStats.m */ = {isa = PBXFileReference; fileEncoding = 4; lastKnownFileType = sourcecode.c.objc; path = DLMKMatchStats.m; sourceTree = "<group>"; };
		653B867D1A9223AB00E9E90D /* DLMKPlayerDescriptor.h */ = {isa = PBXFileReference; fileEncoding = 4; lastKnownFileType = sourcecode.c.h; path = DLMKPlayerDescriptor.h; sourceTree = "<group>"; };
		653B867E1A9223AB00E9E90D /* DLMKPlayerDescriptor.m */ = {isa = PBXFileReference; fileEncoding = 4; lastKnownFileType = sourcecode.c.objc; path = DLMKPlayerDescriptor.m; sourceTree = "<group>"; };
		653B867F1A9223AB00E9E90D /* DLMKPlayerStats.h */ = {isa = PBXFileReference; fileEncoding = 4; lastKnownFileType = sourcecode.c.h; path = DLMKPlayerStats.h; sourceTree = "<group>"; };
		653B86801A9223AB00E9E90D /* DLMKPlayerStats.m */ = {isa = PBXFileReference; fileEncoding = 4; lastKnownFileType = sourcecode.c.objc; path = DLMKPlayerStats.m; sourceTree = "<group>"; };
		653B86811A9223AB00E9E90D /* DLMKTeamDescriptor.h */ = {isa = PBXFileReference; fileEncoding = 4; lastKnownFileType = sourcecode.c.h; path = DLMKTeamDescriptor.h; sourceTree = "<group>"; };
		653B86821A9223AB00E9E90D /* DLMKTeamDescriptor.m */ = {isa = PBXFileReference; fileEncoding = 4; lastKnownFileType = sourcecode.c.objc; path = DLMKTeamDescriptor.m; sourceTree = "<group>"; };
		653B86831A9223AB00E9E90D /* DLMKTeamStats.h */ = {isa = PBXFileReference; fileEncoding = 4; lastKnownFileType = sourcecode.c.h; path = DLMKTeamStats.h; sourceTree = "<group>"; };
		653B86841A9223AB00E9E90D /* DLMKTeamStats.m */ = {isa = PBXFileReference; fileEncoding = 4; lastKnownFileType = sourcecode.c.objc; path = DLMKTeamStats.m; sourceTree = "<group>"; };
		653B868B1A92259900E9E90D /* DLMKModelServer.h */ = {isa = PBXFileReference; fileEncoding = 4; lastKnownFileType = sourcecode.c.h; path = DLMKModelServer.h; sourceTree = "<group>"; };
		653B868C1A92259900E9E90D /* DLMKModelServer.m */ = {isa = PBXFileReference; fileEncoding = 4; lastKnownFileType = sourcecode.c.objc; path = DLMKModelServer.m; sourceTree = "<group>"; };
		653B868E1A9228C600E9E90D /* pause_256x256.png */ = {isa = PBXFileReference; lastKnownFileType = image.png; path = pause_256x256.png; sourceTree = "<group>"; };
		653B86901A92430200E9E90D /* MACROS.h */ = {isa = PBXFileReference; lastKnownFileType = sourcecode.c.h; path = MACROS.h; sourceTree = "<group>"; };
		653B86911A9373D700E9E90D /* SETTINGS.h */ = {isa = PBXFileReference; lastKnownFileType = sourcecode.c.h; path = SETTINGS.h; sourceTree = "<group>"; };
		6545E1B01A9DDED0009A8C8A /* DLMKDefaultCollectionLayout.h */ = {isa = PBXFileReference; fileEncoding = 4; lastKnownFileType = sourcecode.c.h; path = DLMKDefaultCollectionLayout.h; sourceTree = "<group>"; };
		6545E1B11A9DDED0009A8C8A /* DLMKDefaultCollectionLayout.m */ = {isa = PBXFileReference; fileEncoding = 4; lastKnownFileType = sourcecode.c.objc; path = DLMKDefaultCollectionLayout.m; sourceTree = "<group>"; };
		6545E1B81A9DEC9E009A8C8A /* DLMKPhotoTableViewCell.h */ = {isa = PBXFileReference; fileEncoding = 4; lastKnownFileType = sourcecode.c.h; path = DLMKPhotoTableViewCell.h; sourceTree = "<group>"; };
		6545E1B91A9DEC9E009A8C8A /* DLMKPhotoTableViewCell.m */ = {isa = PBXFileReference; fileEncoding = 4; lastKnownFileType = sourcecode.c.objc; path = DLMKPhotoTableViewCell.m; sourceTree = "<group>"; };
		6545E1BA1A9DEC9E009A8C8A /* DLMKPhotoTableViewCell.xib */ = {isa = PBXFileReference; fileEncoding = 4; lastKnownFileType = file.xib; path = DLMKPhotoTableViewCell.xib; sourceTree = "<group>"; };
		6545E1BD1A9DECAA009A8C8A /* DLMKPhotoViewController.h */ = {isa = PBXFileReference; fileEncoding = 4; lastKnownFileType = sourcecode.c.h; path = DLMKPhotoViewController.h; sourceTree = "<group>"; };
		6545E1BE1A9DECAA009A8C8A /* DLMKPhotoViewController.m */ = {isa = PBXFileReference; fileEncoding = 4; lastKnownFileType = sourcecode.c.objc; path = DLMKPhotoViewController.m; sourceTree = "<group>"; };
		6545E1BF1A9DECAA009A8C8A /* DLMKPhotoViewController.xib */ = {isa = PBXFileReference; fileEncoding = 4; lastKnownFileType = file.xib; path = DLMKPhotoViewController.xib; sourceTree = "<group>"; };
		6545E1C21A9DEE92009A8C8A /* DLMKPhotoContainer.h */ = {isa = PBXFileReference; fileEncoding = 4; lastKnownFileType = sourcecode.c.h; path = DLMKPhotoContainer.h; sourceTree = "<group>"; };
		6545E1C31A9DEE92009A8C8A /* DLMKPhotoContainer.m */ = {isa = PBXFileReference; fileEncoding = 4; lastKnownFileType = sourcecode.c.objc; path = DLMKPhotoContainer.m; sourceTree = "<group>"; };
		6545E1C51A9DEE9F009A8C8A /* _DLMKPhotoContainer.h */ = {isa = PBXFileReference; fileEncoding = 4; lastKnownFileType = sourcecode.c.h; path = _DLMKPhotoContainer.h; sourceTree = "<group>"; };
		6545E1C61A9DEE9F009A8C8A /* _DLMKPhotoContainer.m */ = {isa = PBXFileReference; fileEncoding = 4; lastKnownFileType = sourcecode.c.objc; path = _DLMKPhotoContainer.m; sourceTree = "<group>"; };
		6545E1C91A9DEEF3009A8C8A /* UIImage+Alpha.h */ = {isa = PBXFileReference; fileEncoding = 4; lastKnownFileType = sourcecode.c.h; path = "UIImage+Alpha.h"; sourceTree = "<group>"; };
		6545E1CA1A9DEEF3009A8C8A /* UIImage+Alpha.m */ = {isa = PBXFileReference; fileEncoding = 4; lastKnownFileType = sourcecode.c.objc; path = "UIImage+Alpha.m"; sourceTree = "<group>"; };
		6545E1CB1A9DEEF3009A8C8A /* UIImage+Resize.h */ = {isa = PBXFileReference; fileEncoding = 4; lastKnownFileType = sourcecode.c.h; path = "UIImage+Resize.h"; sourceTree = "<group>"; };
		6545E1CC1A9DEEF3009A8C8A /* UIImage+Resize.m */ = {isa = PBXFileReference; fileEncoding = 4; lastKnownFileType = sourcecode.c.objc; path = "UIImage+Resize.m"; sourceTree = "<group>"; };
		6545E1CD1A9DEEF3009A8C8A /* UIImage+RoundedCorner.h */ = {isa = PBXFileReference; fileEncoding = 4; lastKnownFileType = sourcecode.c.h; path = "UIImage+RoundedCorner.h"; sourceTree = "<group>"; };
		6545E1CE1A9DEEF3009A8C8A /* UIImage+RoundedCorner.m */ = {isa = PBXFileReference; fileEncoding = 4; lastKnownFileType = sourcecode.c.objc; path = "UIImage+RoundedCorner.m"; sourceTree = "<group>"; };
		6545E1CF1A9DEEF3009A8C8A /* UIViewController+Navigation.h */ = {isa = PBXFileReference; fileEncoding = 4; lastKnownFileType = sourcecode.c.h; path = "UIViewController+Navigation.h"; sourceTree = "<group>"; };
		6545E1D01A9DEEF3009A8C8A /* UIViewController+Navigation.m */ = {isa = PBXFileReference; fileEncoding = 4; lastKnownFileType = sourcecode.c.objc; path = "UIViewController+Navigation.m"; sourceTree = "<group>"; };
		6545E1DA1A9E2B3F009A8C8A /* DLMKEditTeamCollectionViewCell.h */ = {isa = PBXFileReference; fileEncoding = 4; lastKnownFileType = sourcecode.c.h; path = DLMKEditTeamCollectionViewCell.h; sourceTree = "<group>"; };
		6545E1DB1A9E2B3F009A8C8A /* DLMKEditTeamCollectionViewCell.m */ = {isa = PBXFileReference; fileEncoding = 4; lastKnownFileType = sourcecode.c.objc; path = DLMKEditTeamCollectionViewCell.m; sourceTree = "<group>"; };
		6545E1DC1A9E2B3F009A8C8A /* DLMKEditTeamCollectionViewCell.xib */ = {isa = PBXFileReference; fileEncoding = 4; lastKnownFileType = file.xib; path = DLMKEditTeamCollectionViewCell.xib; sourceTree = "<group>"; };
		6545E1DF1A9E2E16009A8C8A /* camera_256x256.png */ = {isa = PBXFileReference; lastKnownFileType = image.png; path = camera_256x256.png; sourceTree = "<group>"; };
		6545E1E61A9E4950009A8C8A /* DLMKEditTeamDescriptorViewController.h */ = {isa = PBXFileReference; fileEncoding = 4; lastKnownFileType = sourcecode.c.h; path = DLMKEditTeamDescriptorViewController.h; sourceTree = "<group>"; };
		6545E1E71A9E4950009A8C8A /* DLMKEditTeamDescriptorViewController.m */ = {isa = PBXFileReference; fileEncoding = 4; lastKnownFileType = sourcecode.c.objc; path = DLMKEditTeamDescriptorViewController.m; sourceTree = "<group>"; };
		6545E1E81A9E4950009A8C8A /* DLMKEditTeamDescriptorViewController.xib */ = {isa = PBXFileReference; fileEncoding = 4; lastKnownFileType = file.xib; path = DLMKEditTeamDescriptorViewController.xib; sourceTree = "<group>"; };
		6545E1ED1A9F1F60009A8C8A /* DLMKTeamCollectionViewController.h */ = {isa = PBXFileReference; fileEncoding = 4; lastKnownFileType = sourcecode.c.h; path = DLMKTeamCollectionViewController.h; sourceTree = "<group>"; };
		6545E1EE1A9F1F60009A8C8A /* DLMKTeamCollectionViewController.m */ = {isa = PBXFileReference; fileEncoding = 4; lastKnownFileType = sourcecode.c.objc; path = DLMKTeamCollectionViewController.m; sourceTree = "<group>"; };
		6545E1EF1A9F1F60009A8C8A /* DLMKTeamCollectionViewController.xib */ = {isa = PBXFileReference; fileEncoding = 4; lastKnownFileType = file.xib; path = DLMKTeamCollectionViewController.xib; sourceTree = "<group>"; };
		655F4ACA1A94A157006DB768 /* DLMKEditPlayerDescriptorTableViewController.h */ = {isa = PBXFileReference; fileEncoding = 4; lastKnownFileType = sourcecode.c.h; path = DLMKEditPlayerDescriptorTableViewController.h; sourceTree = "<group>"; };
		655F4ACB1A94A157006DB768 /* DLMKEditPlayerDescriptorTableViewController.m */ = {isa = PBXFileReference; fileEncoding = 4; lastKnownFileType = sourcecode.c.objc; path = DLMKEditPlayerDescriptorTableViewController.m; sourceTree = "<group>"; };
		655F4ACC1A94A157006DB768 /* DLMKEditPlayerDescriptorTableViewController.xib */ = {isa = PBXFileReference; fileEncoding = 4; lastKnownFileType = file.xib; path = DLMKEditPlayerDescriptorTableViewController.xib; sourceTree = "<group>"; };
		655F4ACF1A950DE0006DB768 /* DLMKPlayerNameTableViewCell.h */ = {isa = PBXFileReference; fileEncoding = 4; lastKnownFileType = sourcecode.c.h; path = DLMKPlayerNameTableViewCell.h; sourceTree = "<group>"; };
		655F4AD01A950DE0006DB768 /* DLMKPlayerNameTableViewCell.m */ = {isa = PBXFileReference; fileEncoding = 4; lastKnownFileType = sourcecode.c.objc; path = DLMKPlayerNameTableViewCell.m; sourceTree = "<group>"; };
		655F4AD11A950DE0006DB768 /* DLMKPlayerNameTableViewCell.xib */ = {isa = PBXFileReference; fileEncoding = 4; lastKnownFileType = file.xib; path = DLMKPlayerNameTableViewCell.xib; sourceTree = "<group>"; };
		655F4AD91A961301006DB768 /* DLMKCustomCellType.h */ = {isa = PBXFileReference; fileEncoding = 4; lastKnownFileType = sourcecode.c.h; path = DLMKCustomCellType.h; sourceTree = "<group>"; };
		655F4ADA1A961301006DB768 /* DLMKCustomCellType.m */ = {isa = PBXFileReference; fileEncoding = 4; lastKnownFileType = sourcecode.c.objc; path = DLMKCustomCellType.m; sourceTree = "<group>"; };
		655F4ADD1A96147B006DB768 /* DLMKCustomCellTypeCollection.h */ = {isa = PBXFileReference; fileEncoding = 4; lastKnownFileType = sourcecode.c.h; path = DLMKCustomCellTypeCollection.h; sourceTree = "<group>"; };
		655F4ADE1A96147B006DB768 /* DLMKCustomCellTypeCollection.m */ = {isa = PBXFileReference; fileEncoding = 4; lastKnownFileType = sourcecode.c.objc; path = DLMKCustomCellTypeCollection.m; sourceTree = "<group>"; };
		655F4AE11A961EE0006DB768 /* DLMKPlayerNumberTableViewCell.h */ = {isa = PBXFileReference; fileEncoding = 4; lastKnownFileType = sourcecode.c.h; path = DLMKPlayerNumberTableViewCell.h; sourceTree = "<group>"; };
		655F4AE21A961EE0006DB768 /* DLMKPlayerNumberTableViewCell.m */ = {isa = PBXFileReference; fileEncoding = 4; lastKnownFileType = sourcecode.c.objc; path = DLMKPlayerNumberTableViewCell.m; sourceTree = "<group>"; };
		655F4AE31A961EE0006DB768 /* DLMKPlayerNumberTableViewCell.xib */ = {isa = PBXFileReference; fileEncoding = 4; lastKnownFileType = file.xib; path = DLMKPlayerNumberTableViewCell.xib; sourceTree = "<group>"; };
		657BB1631A7AA98500A528EB /* person_128x128.png */ = {isa = PBXFileReference; lastKnownFileType = image.png; path = person_128x128.png; sourceTree = "<group>"; };
		6588AE5D1AA4527C00591159 /* DLMKOnTakePhotoDelegate.h */ = {isa = PBXFileReference; lastKnownFileType = sourcecode.c.h; path = DLMKOnTakePhotoDelegate.h; sourceTree = "<group>"; };
		65917CBD1A7914A300DC9940 /* play_128x128.png */ = {isa = PBXFileReference; lastKnownFileType = image.png; path = play_128x128.png; sourceTree = "<group>"; };
		65917CC01A7914F000DC9940 /* gear_256x256.png */ = {isa = PBXFileReference; lastKnownFileType = image.png; path = gear_256x256.png; sourceTree = "<group>"; };
		65917CC21A79152400DC9940 /* statistics_128x128.png */ = {isa = PBXFileReference; lastKnownFileType = image.png; path = statistics_128x128.png; sourceTree = "<group>"; };
		659B01861A98F9C000437970 /* DLMKTeamStatsSelectorTableViewController.h */ = {isa = PBXFileReference; fileEncoding = 4; lastKnownFileType = sourcecode.c.h; path = DLMKTeamStatsSelectorTableViewController.h; sourceTree = "<group>"; };
		659B01871A98F9C000437970 /* DLMKTeamStatsSelectorTableViewController.m */ = {isa = PBXFileReference; fileEncoding = 4; lastKnownFileType = sourcecode.c.objc; path = DLMKTeamStatsSelectorTableViewController.m; sourceTree = "<group>"; };
		659B01881A98F9C000437970 /* DLMKTeamStatsSelectorTableViewController.xib */ = {isa = PBXFileReference; fileEncoding = 4; lastKnownFileType = file.xib; path = DLMKTeamStatsSelectorTableViewController.xib; sourceTree = "<group>"; };
		659B018F1A9B345E00437970 /* DLMKPlayerStatsTableViewCell.h */ = {isa = PBXFileReference; fileEncoding = 4; lastKnownFileType = sourcecode.c.h; path = DLMKPlayerStatsTableViewCell.h; sourceTree = "<group>"; };
		659B01901A9B345E00437970 /* DLMKPlayerStatsTableViewCell.m */ = {isa = PBXFileReference; fileEncoding = 4; lastKnownFileType = sourcecode.c.objc; path = DLMKPlayerStatsTableViewCell.m; sourceTree = "<group>"; };
		659B01911A9B345E00437970 /* DLMKPlayerStatsTableViewCell.xib */ = {isa = PBXFileReference; fileEncoding = 4; lastKnownFileType = file.xib; path = DLMKPlayerStatsTableViewCell.xib; sourceTree = "<group>"; };
		659B01941A9B35B700437970 /* goal_256x256.png */ = {isa = PBXFileReference; lastKnownFileType = image.png; path = goal_256x256.png; sourceTree = "<group>"; };
		659B01961A9B36ED00437970 /* pass_512x512.png */ = {isa = PBXFileReference; lastKnownFileType = image.png; path = pass_512x512.png; sourceTree = "<group>"; };
		659B01991A9B88D300437970 /* DLMKMatchStatsSelectorTableViewController.h */ = {isa = PBXFileReference; fileEncoding = 4; lastKnownFileType = sourcecode.c.h; path = DLMKMatchStatsSelectorTableViewController.h; sourceTree = "<group>"; };
		659B019A1A9B88D300437970 /* DLMKMatchStatsSelectorTableViewController.m */ = {isa = PBXFileReference; fileEncoding = 4; lastKnownFileType = sourcecode.c.objc; path = DLMKMatchStatsSelectorTableViewController.m; sourceTree = "<group>"; };
		659B019B1A9B88D300437970 /* DLMKMatchStatsSelectorTableViewController.xib */ = {isa = PBXFileReference; fileEncoding = 4; lastKnownFileType = file.xib; path = DLMKMatchStatsSelectorTableViewController.xib; sourceTree = "<group>"; };
		659B019E1A9B9FE300437970 /* DLMKMatchStatsTableViewCell.h */ = {isa = PBXFileReference; fileEncoding = 4; lastKnownFileType = sourcecode.c.h; path = DLMKMatchStatsTableViewCell.h; sourceTree = "<group>"; };
		659B019F1A9B9FE300437970 /* DLMKMatchStatsTableViewCell.m */ = {isa = PBXFileReference; fileEncoding = 4; lastKnownFileType = sourcecode.c.objc; path = DLMKMatchStatsTableViewCell.m; sourceTree = "<group>"; };
		659B01A01A9B9FE300437970 /* DLMKMatchStatsTableViewCell.xib */ = {isa = PBXFileReference; fileEncoding = 4; lastKnownFileType = file.xib; path = DLMKMatchStatsTableViewCell.xib; sourceTree = "<group>"; };
		659B01A41A9C7D9000437970 /* _DLMKRivalStats.h */ = {isa = PBXFileReference; fileEncoding = 4; lastKnownFileType = sourcecode.c.h; path = _DLMKRivalStats.h; sourceTree = "<group>"; };
		659B01A51A9C7D9000437970 /* _DLMKRivalStats.m */ = {isa = PBXFileReference; fileEncoding = 4; lastKnownFileType = sourcecode.c.objc; path = _DLMKRivalStats.m; sourceTree = "<group>"; };
		659B01A71A9C7D9D00437970 /* DLMKRivalStats.h */ = {isa = PBXFileReference; fileEncoding = 4; lastKnownFileType = sourcecode.c.h; path = DLMKRivalStats.h; sourceTree = "<group>"; };
		659B01A81A9C7D9D00437970 /* DLMKRivalStats.m */ = {isa = PBXFileReference; fileEncoding = 4; lastKnownFileType = sourcecode.c.objc; path = DLMKRivalStats.m; sourceTree = "<group>"; };
		659B01AA1A9CB5A400437970 /* DLMKPlayerDescriptorCollectionViewCell.h */ = {isa = PBXFileReference; fileEncoding = 4; lastKnownFileType = sourcecode.c.h; path = DLMKPlayerDescriptorCollectionViewCell.h; sourceTree = "<group>"; };
		659B01AB1A9CB5A400437970 /* DLMKPlayerDescriptorCollectionViewCell.m */ = {isa = PBXFileReference; fileEncoding = 4; lastKnownFileType = sourcecode.c.objc; path = DLMKPlayerDescriptorCollectionViewCell.m; sourceTree = "<group>"; };
		659B01AC1A9CB5A400437970 /* DLMKPlayerDescriptorCollectionViewCell.xib */ = {isa = PBXFileReference; fileEncoding = 4; lastKnownFileType = file.xib; path = DLMKPlayerDescriptorCollectionViewCell.xib; sourceTree = "<group>"; };
		65B92B901A91F72400A95378 /* AGTCoreDataStack.h */ = {isa = PBXFileReference; fileEncoding = 4; lastKnownFileType = sourcecode.c.h; path = AGTCoreDataStack.h; sourceTree = "<group>"; };
		65B92B911A91F72400A95378 /* AGTCoreDataStack.m */ = {isa = PBXFileReference; fileEncoding = 4; lastKnownFileType = sourcecode.c.objc; path = AGTCoreDataStack.m; sourceTree = "<group>"; };
		65B92B941A91F83A00A95378 /* Model.xcdatamodel */ = {isa = PBXFileReference; lastKnownFileType = wrapper.xcdatamodel; path = Model.xcdatamodel; sourceTree = "<group>"; };
		65FA2AB41A7BD7E300E87793 /* DLMKMatchViewController.h */ = {isa = PBXFileReference; fileEncoding = 4; lastKnownFileType = sourcecode.c.h; path = DLMKMatchViewController.h; sourceTree = "<group>"; };
		65FA2AB51A7BD7E300E87793 /* DLMKMatchViewController.m */ = {isa = PBXFileReference; fileEncoding = 4; lastKnownFileType = sourcecode.c.objc; path = DLMKMatchViewController.m; sourceTree = "<group>"; };
		65FA2AB61A7BD7E300E87793 /* DLMKMatchViewController.xib */ = {isa = PBXFileReference; fileEncoding = 4; lastKnownFileType = file.xib; path = DLMKMatchViewController.xib; sourceTree = "<group>"; };
		65FA2ABC1A7C220000E87793 /* DLMKTimeServer.h */ = {isa = PBXFileReference; fileEncoding = 4; lastKnownFileType = sourcecode.c.h; path = DLMKTimeServer.h; sourceTree = "<group>"; };
		65FA2ABD1A7C220000E87793 /* DLMKTimeServer.m */ = {isa = PBXFileReference; fileEncoding = 4; lastKnownFileType = sourcecode.c.objc; path = DLMKTimeServer.m; sourceTree = "<group>"; };
/* End PBXFileReference section */

/* Begin PBXFrameworksBuildPhase section */
		651B964F1A79123700154A3C /* Frameworks */ = {
			isa = PBXFrameworksBuildPhase;
			buildActionMask = 2147483647;
			files = (
			);
			runOnlyForDeploymentPostprocessing = 0;
		};
		651B96621A79123800154A3C /* Frameworks */ = {
			isa = PBXFrameworksBuildPhase;
			buildActionMask = 2147483647;
			files = (
			);
			runOnlyForDeploymentPostprocessing = 0;
		};
/* End PBXFrameworksBuildPhase section */

/* Begin PBXGroup section */
		651B96491A79123700154A3C = {
			isa = PBXGroup;
			children = (
				651B96541A79123700154A3C /* SoccerZero */,
				651B96681A79123800154A3C /* SoccerZeroTests */,
				651B96531A79123700154A3C /* Products */,
			);
			sourceTree = "<group>";
		};
		651B96531A79123700154A3C /* Products */ = {
			isa = PBXGroup;
			children = (
				651B96521A79123700154A3C /* SoccerZero.app */,
				651B96651A79123800154A3C /* SoccerZeroTests.xctest */,
			);
			name = Products;
			sourceTree = "<group>";
		};
		651B96541A79123700154A3C /* SoccerZero */ = {
			isa = PBXGroup;
			children = (
				6545E1C81A9DEEE6009A8C8A /* Categories */,
				653B868A1A92249800E9E90D /* Views */,
				65917CC41A7A7EE300DC9940 /* Models */,
				65917CBF1A7914AA00DC9940 /* Resources */,
				651B96591A79123700154A3C /* AppDelegate.h */,
				651B965A1A79123700154A3C /* AppDelegate.m */,
				651B965C1A79123700154A3C /* Images.xcassets */,
				651B965E1A79123700154A3C /* LaunchScreen.xib */,
				651B96551A79123700154A3C /* Supporting Files */,
				651B967A1A7912AC00154A3C /* Controllers */,
				655F4AE01A961C8F006DB768 /* SINGLETONS */,
				655F4ADC1A961308006DB768 /* Utils */,
			);
			path = SoccerZero;
			sourceTree = "<group>";
		};
		651B96551A79123700154A3C /* Supporting Files */ = {
			isa = PBXGroup;
			children = (
				651B96561A79123700154A3C /* Info.plist */,
				651B96571A79123700154A3C /* main.m */,
			);
			name = "Supporting Files";
			sourceTree = "<group>";
		};
		651B96681A79123800154A3C /* SoccerZeroTests */ = {
			isa = PBXGroup;
			children = (
				651B966B1A79123800154A3C /* SoccerZeroTests.m */,
				651B96691A79123800154A3C /* Supporting Files */,
			);
			path = SoccerZeroTests;
			sourceTree = "<group>";
		};
		651B96691A79123800154A3C /* Supporting Files */ = {
			isa = PBXGroup;
			children = (
				651B966A1A79123800154A3C /* Info.plist */,
			);
			name = "Supporting Files";
			sourceTree = "<group>";
		};
		651B967A1A7912AC00154A3C /* Controllers */ = {
			isa = PBXGroup;
			children = (
				659B018C1A9B335600437970 /* Stats */,
				659B018B1A9B333E00437970 /* Descriptors */,
				651B96751A7912A600154A3C /* DLMKMainMenuViewController.h */,
				651B96761A7912A600154A3C /* DLMKMainMenuViewController.m */,
				651B96771A7912A600154A3C /* DLMKMainMenuViewController.xib */,
			);
			name = Controllers;
			sourceTree = "<group>";
		};
		653B865B1A92174200E9E90D /* Machine */ = {
			isa = PBXGroup;
			children = (
				6545E1C51A9DEE9F009A8C8A /* _DLMKPhotoContainer.h */,
				6545E1C61A9DEE9F009A8C8A /* _DLMKPhotoContainer.m */,
				659B01A41A9C7D9000437970 /* _DLMKRivalStats.h */,
				659B01A51A9C7D9000437970 /* _DLMKRivalStats.m */,
				653B866C1A92238B00E9E90D /* _DLMKMatchStats.h */,
				653B866D1A92238B00E9E90D /* _DLMKMatchStats.m */,
				653B866E1A92238B00E9E90D /* _DLMKPlayerDescriptor.h */,
				653B866F1A92238B00E9E90D /* _DLMKPlayerDescriptor.m */,
				653B86701A92238B00E9E90D /* _DLMKPlayerStats.h */,
				653B86711A92238B00E9E90D /* _DLMKPlayerStats.m */,
				653B86721A92238B00E9E90D /* _DLMKTeamDescriptor.h */,
				653B86731A92238B00E9E90D /* _DLMKTeamDescriptor.m */,
				653B86741A92238B00E9E90D /* _DLMKTeamStats.h */,
				653B86751A92238B00E9E90D /* _DLMKTeamStats.m */,
			);
			name = Machine;
			sourceTree = "<group>";
		};
		653B866B1A92178100E9E90D /* Human */ = {
			isa = PBXGroup;
			children = (
				6545E1C21A9DEE92009A8C8A /* DLMKPhotoContainer.h */,
				6545E1C31A9DEE92009A8C8A /* DLMKPhotoContainer.m */,
				659B01A71A9C7D9D00437970 /* DLMKRivalStats.h */,
				659B01A81A9C7D9D00437970 /* DLMKRivalStats.m */,
				653B867B1A9223AB00E9E90D /* DLMKMatchStats.h */,
				653B867C1A9223AB00E9E90D /* DLMKMatchStats.m */,
				653B867D1A9223AB00E9E90D /* DLMKPlayerDescriptor.h */,
				653B867E1A9223AB00E9E90D /* DLMKPlayerDescriptor.m */,
				653B867F1A9223AB00E9E90D /* DLMKPlayerStats.h */,
				653B86801A9223AB00E9E90D /* DLMKPlayerStats.m */,
				653B86811A9223AB00E9E90D /* DLMKTeamDescriptor.h */,
				653B86821A9223AB00E9E90D /* DLMKTeamDescriptor.m */,
				653B86831A9223AB00E9E90D /* DLMKTeamStats.h */,
				653B86841A9223AB00E9E90D /* DLMKTeamStats.m */,
			);
			name = Human;
			sourceTree = "<group>";
		};
		653B868A1A92249800E9E90D /* Views */ = {
			isa = PBXGroup;
			children = (
				659B01981A9B384600437970 /* PlayerStats */,
				659B018E1A9B33DA00437970 /* TeamDescriptor */,
				659B018D1A9B33C400437970 /* PlayerDescriptor */,
				659B01A31A9B9FE700437970 /* MatchStats */,
			);
			name = Views;
			sourceTree = "<group>";
		};
		6545E1C81A9DEEE6009A8C8A /* Categories */ = {
			isa = PBXGroup;
			children = (
				6545E1C91A9DEEF3009A8C8A /* UIImage+Alpha.h */,
				6545E1CA1A9DEEF3009A8C8A /* UIImage+Alpha.m */,
				6545E1CB1A9DEEF3009A8C8A /* UIImage+Resize.h */,
				6545E1CC1A9DEEF3009A8C8A /* UIImage+Resize.m */,
				6545E1CD1A9DEEF3009A8C8A /* UIImage+RoundedCorner.h */,
				6545E1CE1A9DEEF3009A8C8A /* UIImage+RoundedCorner.m */,
				6545E1CF1A9DEEF3009A8C8A /* UIViewController+Navigation.h */,
				6545E1D01A9DEEF3009A8C8A /* UIViewController+Navigation.m */,
			);
			name = Categories;
			sourceTree = "<group>";
		};
		6545E1EB1A9F1E61009A8C8A /* Team */ = {
			isa = PBXGroup;
			children = (
				6545E1E61A9E4950009A8C8A /* DLMKEditTeamDescriptorViewController.h */,
				6545E1E71A9E4950009A8C8A /* DLMKEditTeamDescriptorViewController.m */,
				6545E1E81A9E4950009A8C8A /* DLMKEditTeamDescriptorViewController.xib */,
				6545E1ED1A9F1F60009A8C8A /* DLMKTeamCollectionViewController.h */,
				6545E1EE1A9F1F60009A8C8A /* DLMKTeamCollectionViewController.m */,
				6545E1EF1A9F1F60009A8C8A /* DLMKTeamCollectionViewController.xib */,
			);
			name = Team;
			sourceTree = "<group>";
		};
		6545E1EC1A9F1EB5009A8C8A /* Player */ = {
			isa = PBXGroup;
			children = (
				655F4ACA1A94A157006DB768 /* DLMKEditPlayerDescriptorTableViewController.h */,
				655F4ACB1A94A157006DB768 /* DLMKEditPlayerDescriptorTableViewController.m */,
				655F4ACC1A94A157006DB768 /* DLMKEditPlayerDescriptorTableViewController.xib */,
			);
			name = Player;
			sourceTree = "<group>";
		};
		655F4ADC1A961308006DB768 /* Utils */ = {
			isa = PBXGroup;
			children = (
				6545E1B01A9DDED0009A8C8A /* DLMKDefaultCollectionLayout.h */,
				6545E1B11A9DDED0009A8C8A /* DLMKDefaultCollectionLayout.m */,
				653B86901A92430200E9E90D /* MACROS.h */,
				653B86911A9373D700E9E90D /* SETTINGS.h */,
				655F4AD91A961301006DB768 /* DLMKCustomCellType.h */,
				655F4ADA1A961301006DB768 /* DLMKCustomCellType.m */,
				655F4ADD1A96147B006DB768 /* DLMKCustomCellTypeCollection.h */,
				655F4ADE1A96147B006DB768 /* DLMKCustomCellTypeCollection.m */,
				6588AE5D1AA4527C00591159 /* DLMKOnTakePhotoDelegate.h */,
			);
			name = Utils;
			sourceTree = "<group>";
		};
		655F4AE01A961C8F006DB768 /* SINGLETONS */ = {
			isa = PBXGroup;
			children = (
				65FA2ABC1A7C220000E87793 /* DLMKTimeServer.h */,
				65FA2ABD1A7C220000E87793 /* DLMKTimeServer.m */,
				653B868B1A92259900E9E90D /* DLMKModelServer.h */,
				653B868C1A92259900E9E90D /* DLMKModelServer.m */,
			);
			name = SINGLETONS;
			sourceTree = "<group>";
		};
		65917CBF1A7914AA00DC9940 /* Resources */ = {
			isa = PBXGroup;
			children = (
				6545E1DF1A9E2E16009A8C8A /* camera_256x256.png */,
				659B01941A9B35B700437970 /* goal_256x256.png */,
				659B01961A9B36ED00437970 /* pass_512x512.png */,
				653B868E1A9228C600E9E90D /* pause_256x256.png */,
				657BB1631A7AA98500A528EB /* person_128x128.png */,
				65917CC21A79152400DC9940 /* statistics_128x128.png */,
				65917CC01A7914F000DC9940 /* gear_256x256.png */,
				65917CBD1A7914A300DC9940 /* play_128x128.png */,
			);
			name = Resources;
			sourceTree = "<group>";
		};
		65917CC41A7A7EE300DC9940 /* Models */ = {
			isa = PBXGroup;
			children = (
				653B866B1A92178100E9E90D /* Human */,
				653B865B1A92174200E9E90D /* Machine */,
				65B92B901A91F72400A95378 /* AGTCoreDataStack.h */,
				65B92B911A91F72400A95378 /* AGTCoreDataStack.m */,
				65B92B931A91F83A00A95378 /* Model.xcdatamodeld */,
				653B86491A92147500E9E90D /* DLMKBaseManagedObject.h */,
				653B864A1A92147500E9E90D /* DLMKBaseManagedObject.m */,
			);
			name = Models;
			sourceTree = "<group>";
		};
		659B018B1A9B333E00437970 /* Descriptors */ = {
			isa = PBXGroup;
			children = (
				6545E1BD1A9DECAA009A8C8A /* DLMKPhotoViewController.h */,
				6545E1BE1A9DECAA009A8C8A /* DLMKPhotoViewController.m */,
				6545E1BF1A9DECAA009A8C8A /* DLMKPhotoViewController.xib */,
				6545E1EB1A9F1E61009A8C8A /* Team */,
				6545E1EC1A9F1EB5009A8C8A /* Player */,
			);
			name = Descriptors;
			sourceTree = "<group>";
		};
		659B018C1A9B335600437970 /* Stats */ = {
			isa = PBXGroup;
			children = (
				65FA2AB41A7BD7E300E87793 /* DLMKMatchViewController.h */,
				65FA2AB51A7BD7E300E87793 /* DLMKMatchViewController.m */,
				65FA2AB61A7BD7E300E87793 /* DLMKMatchViewController.xib */,
				659B01861A98F9C000437970 /* DLMKTeamStatsSelectorTableViewController.h */,
				659B01871A98F9C000437970 /* DLMKTeamStatsSelectorTableViewController.m */,
				659B01881A98F9C000437970 /* DLMKTeamStatsSelectorTableViewController.xib */,
				659B01991A9B88D300437970 /* DLMKMatchStatsSelectorTableViewController.h */,
				659B019A1A9B88D300437970 /* DLMKMatchStatsSelectorTableViewController.m */,
				659B019B1A9B88D300437970 /* DLMKMatchStatsSelectorTableViewController.xib */,
			);
			name = Stats;
			sourceTree = "<group>";
		};
		659B018D1A9B33C400437970 /* PlayerDescriptor */ = {
			isa = PBXGroup;
			children = (
				6545E1B81A9DEC9E009A8C8A /* DLMKPhotoTableViewCell.h */,
				6545E1B91A9DEC9E009A8C8A /* DLMKPhotoTableViewCell.m */,
				6545E1BA1A9DEC9E009A8C8A /* DLMKPhotoTableViewCell.xib */,
				655F4AE11A961EE0006DB768 /* DLMKPlayerNumberTableViewCell.h */,
				655F4AE21A961EE0006DB768 /* DLMKPlayerNumberTableViewCell.m */,
				655F4AE31A961EE0006DB768 /* DLMKPlayerNumberTableViewCell.xib */,
				655F4ACF1A950DE0006DB768 /* DLMKPlayerNameTableViewCell.h */,
				655F4AD01A950DE0006DB768 /* DLMKPlayerNameTableViewCell.m */,
				655F4AD11A950DE0006DB768 /* DLMKPlayerNameTableViewCell.xib */,
				659B01AA1A9CB5A400437970 /* DLMKPlayerDescriptorCollectionViewCell.h */,
				659B01AB1A9CB5A400437970 /* DLMKPlayerDescriptorCollectionViewCell.m */,
				659B01AC1A9CB5A400437970 /* DLMKPlayerDescriptorCollectionViewCell.xib */,
			);
			name = PlayerDescriptor;
			sourceTree = "<group>";
		};
		659B018E1A9B33DA00437970 /* TeamDescriptor */ = {
			isa = PBXGroup;
			children = (
				6545E1DA1A9E2B3F009A8C8A /* DLMKEditTeamCollectionViewCell.h */,
				6545E1DB1A9E2B3F009A8C8A /* DLMKEditTeamCollectionViewCell.m */,
				6545E1DC1A9E2B3F009A8C8A /* DLMKEditTeamCollectionViewCell.xib */,
			);
			name = TeamDescriptor;
			sourceTree = "<group>";
		};
		659B01981A9B384600437970 /* PlayerStats */ = {
			isa = PBXGroup;
			children = (
				659B018F1A9B345E00437970 /* DLMKPlayerStatsTableViewCell.h */,
				659B01901A9B345E00437970 /* DLMKPlayerStatsTableViewCell.m */,
				659B01911A9B345E00437970 /* DLMKPlayerStatsTableViewCell.xib */,
			);
			name = PlayerStats;
			sourceTree = "<group>";
		};
		659B01A31A9B9FE700437970 /* MatchStats */ = {
			isa = PBXGroup;
			children = (
				659B019E1A9B9FE300437970 /* DLMKMatchStatsTableViewCell.h */,
				659B019F1A9B9FE300437970 /* DLMKMatchStatsTableViewCell.m */,
				659B01A01A9B9FE300437970 /* DLMKMatchStatsTableViewCell.xib */,
			);
			name = MatchStats;
			sourceTree = "<group>";
		};
/* End PBXGroup section */

/* Begin PBXNativeTarget section */
		651B96511A79123700154A3C /* SoccerZero */ = {
			isa = PBXNativeTarget;
			buildConfigurationList = 651B966F1A79123800154A3C /* Build configuration list for PBXNativeTarget "SoccerZero" */;
			buildPhases = (
				651B964E1A79123700154A3C /* Sources */,
				651B964F1A79123700154A3C /* Frameworks */,
				651B96501A79123700154A3C /* Resources */,
			);
			buildRules = (
			);
			dependencies = (
			);
			name = SoccerZero;
			productName = SoccerZero;
			productReference = 651B96521A79123700154A3C /* SoccerZero.app */;
			productType = "com.apple.product-type.application";
		};
		651B96641A79123800154A3C /* SoccerZeroTests */ = {
			isa = PBXNativeTarget;
			buildConfigurationList = 651B96721A79123800154A3C /* Build configuration list for PBXNativeTarget "SoccerZeroTests" */;
			buildPhases = (
				651B96611A79123800154A3C /* Sources */,
				651B96621A79123800154A3C /* Frameworks */,
				651B96631A79123800154A3C /* Resources */,
			);
			buildRules = (
			);
			dependencies = (
				651B96671A79123800154A3C /* PBXTargetDependency */,
			);
			name = SoccerZeroTests;
			productName = SoccerZeroTests;
			productReference = 651B96651A79123800154A3C /* SoccerZeroTests.xctest */;
			productType = "com.apple.product-type.bundle.unit-test";
		};
/* End PBXNativeTarget section */

/* Begin PBXProject section */
		651B964A1A79123700154A3C /* Project object */ = {
			isa = PBXProject;
			attributes = {
				LastUpgradeCheck = 0610;
				ORGANIZATIONNAME = Dolmake;
				TargetAttributes = {
					651B96511A79123700154A3C = {
						CreatedOnToolsVersion = 6.1.1;
					};
					651B96641A79123800154A3C = {
						CreatedOnToolsVersion = 6.1.1;
						TestTargetID = 651B96511A79123700154A3C;
					};
				};
			};
			buildConfigurationList = 651B964D1A79123700154A3C /* Build configuration list for PBXProject "SoccerZero" */;
			compatibilityVersion = "Xcode 3.2";
			developmentRegion = English;
			hasScannedForEncodings = 0;
			knownRegions = (
				en,
				Base,
			);
			mainGroup = 651B96491A79123700154A3C;
			productRefGroup = 651B96531A79123700154A3C /* Products */;
			projectDirPath = "";
			projectRoot = "";
			targets = (
				651B96511A79123700154A3C /* SoccerZero */,
				651B96641A79123800154A3C /* SoccerZeroTests */,
			);
		};
/* End PBXProject section */

/* Begin PBXResourcesBuildPhase section */
		651B96501A79123700154A3C /* Resources */ = {
			isa = PBXResourcesBuildPhase;
			buildActionMask = 2147483647;
			files = (
				653B868F1A9228C600E9E90D /* pause_256x256.png in Resources */,
				6545E1F11A9F1F60009A8C8A /* DLMKTeamCollectionViewController.xib in Resources */,
				6545E1DE1A9E2B3F009A8C8A /* DLMKEditTeamCollectionViewCell.xib in Resources */,
				659B01971A9B36ED00437970 /* pass_512x512.png in Resources */,
				65917CC11A7914F000DC9940 /* gear_256x256.png in Resources */,
				6545E1C11A9DECAA009A8C8A /* DLMKPhotoViewController.xib in Resources */,
				659B018A1A98F9C000437970 /* DLMKTeamStatsSelectorTableViewController.xib in Resources */,
				651B96791A7912A600154A3C /* DLMKMainMenuViewController.xib in Resources */,
				655F4AD31A950DE0006DB768 /* DLMKPlayerNameTableViewCell.xib in Resources */,
				651B96601A79123700154A3C /* LaunchScreen.xib in Resources */,
				655F4ACE1A94A157006DB768 /* DLMKEditPlayerDescriptorTableViewController.xib in Resources */,
				6545E1BC1A9DEC9E009A8C8A /* DLMKPhotoTableViewCell.xib in Resources */,
				659B01A21A9B9FE300437970 /* DLMKMatchStatsTableViewCell.xib in Resources */,
				65917CBE1A7914A300DC9940 /* play_128x128.png in Resources */,
				65FA2AB81A7BD7E300E87793 /* DLMKMatchViewController.xib in Resources */,
				655F4AE51A961EE0006DB768 /* DLMKPlayerNumberTableViewCell.xib in Resources */,
				657BB1641A7AA98500A528EB /* person_128x128.png in Resources */,
				659B019D1A9B88D300437970 /* DLMKMatchStatsSelectorTableViewController.xib in Resources */,
				651B965D1A79123700154A3C /* Images.xcassets in Resources */,
				659B01AE1A9CB5A400437970 /* DLMKPlayerDescriptorCollectionViewCell.xib in Resources */,
				659B01951A9B35B700437970 /* goal_256x256.png in Resources */,
				65917CC31A79152400DC9940 /* statistics_128x128.png in Resources */,
				659B01931A9B345E00437970 /* DLMKPlayerStatsTableViewCell.xib in Resources */,
				6545E1EA1A9E4950009A8C8A /* DLMKEditTeamDescriptorViewController.xib in Resources */,
				6545E1E01A9E2E16009A8C8A /* camera_256x256.png in Resources */,
			);
			runOnlyForDeploymentPostprocessing = 0;
		};
		651B96631A79123800154A3C /* Resources */ = {
			isa = PBXResourcesBuildPhase;
			buildActionMask = 2147483647;
			files = (
			);
			runOnlyForDeploymentPostprocessing = 0;
		};
/* End PBXResourcesBuildPhase section */

/* Begin PBXSourcesBuildPhase section */
		651B964E1A79123700154A3C /* Sources */ = {
			isa = PBXSourcesBuildPhase;
			buildActionMask = 2147483647;
			files = (
				653B86781A92238B00E9E90D /* _DLMKPlayerStats.m in Sources */,
				6545E1C01A9DECAA009A8C8A /* DLMKPhotoViewController.m in Sources */,
				659B01A11A9B9FE300437970 /* DLMKMatchStatsTableViewCell.m in Sources */,
				65B92B921A91F72400A95378 /* AGTCoreDataStack.m in Sources */,
				65FA2AB71A7BD7E300E87793 /* DLMKMatchViewController.m in Sources */,
				6545E1BB1A9DEC9E009A8C8A /* DLMKPhotoTableViewCell.m in Sources */,
				65FA2ABE1A7C220000E87793 /* DLMKTimeServer.m in Sources */,
				653B86761A92238B00E9E90D /* _DLMKMatchStats.m in Sources */,
				659B01AD1A9CB5A400437970 /* DLMKPlayerDescriptorCollectionViewCell.m in Sources */,
				6545E1D21A9DEEF3009A8C8A /* UIImage+Resize.m in Sources */,
				653B86871A9223AB00E9E90D /* DLMKPlayerStats.m in Sources */,
				653B86891A9223AB00E9E90D /* DLMKTeamStats.m in Sources */,
				655F4AE41A961EE0006DB768 /* DLMKPlayerNumberTableViewCell.m in Sources */,
				651B965B1A79123700154A3C /* AppDelegate.m in Sources */,
				659B01891A98F9C000437970 /* DLMKTeamStatsSelectorTableViewController.m in Sources */,
				6545E1D31A9DEEF3009A8C8A /* UIImage+RoundedCorner.m in Sources */,
				651B96781A7912A600154A3C /* DLMKMainMenuViewController.m in Sources */,
				653B86771A92238B00E9E90D /* _DLMKPlayerDescriptor.m in Sources */,
				6545E1F01A9F1F60009A8C8A /* DLMKTeamCollectionViewController.m in Sources */,
				655F4AD21A950DE0006DB768 /* DLMKPlayerNameTableViewCell.m in Sources */,
				653B86851A9223AB00E9E90D /* DLMKMatchStats.m in Sources */,
				6545E1C41A9DEE92009A8C8A /* DLMKPhotoContainer.m in Sources */,
				653B86881A9223AB00E9E90D /* DLMKTeamDescriptor.m in Sources */,
				6545E1B21A9DDED0009A8C8A /* DLMKDefaultCollectionLayout.m in Sources */,
				653B868D1A92259900E9E90D /* DLMKModelServer.m in Sources */,
				659B01921A9B345E00437970 /* DLMKPlayerStatsTableViewCell.m in Sources */,
				659B01A61A9C7D9000437970 /* _DLMKRivalStats.m in Sources */,
				653B864B1A92147500E9E90D /* DLMKBaseManagedObject.m in Sources */,
				6545E1DD1A9E2B3F009A8C8A /* DLMKEditTeamCollectionViewCell.m in Sources */,
				659B01A91A9C7D9D00437970 /* DLMKRivalStats.m in Sources */,
				655F4ACD1A94A157006DB768 /* DLMKEditPlayerDescriptorTableViewController.m in Sources */,
				653B86791A92238B00E9E90D /* _DLMKTeamDescriptor.m in Sources */,
				6545E1E91A9E4950009A8C8A /* DLMKEditTeamDescriptorViewController.m in Sources */,
				6545E1D11A9DEEF3009A8C8A /* UIImage+Alpha.m in Sources */,
				651B96581A79123700154A3C /* main.m in Sources */,
				6545E1D41A9DEEF3009A8C8A /* UIViewController+Navigation.m in Sources */,
				653B86861A9223AB00E9E90D /* DLMKPlayerDescriptor.m in Sources */,
				659B019C1A9B88D300437970 /* DLMKMatchStatsSelectorTableViewController.m in Sources */,
				6545E1C71A9DEE9F009A8C8A /* _DLMKPhotoContainer.m in Sources */,
				653B867A1A92238B00E9E90D /* _DLMKTeamStats.m in Sources */,
				655F4ADB1A961301006DB768 /* DLMKCustomCellType.m in Sources */,
				655F4ADF1A96147B006DB768 /* DLMKCustomCellTypeCollection.m in Sources */,
				65B92B951A91F83A00A95378 /* Model.xcdatamodeld in Sources */,
			);
			runOnlyForDeploymentPostprocessing = 0;
		};
		651B96611A79123800154A3C /* Sources */ = {
			isa = PBXSourcesBuildPhase;
			buildActionMask = 2147483647;
			files = (
				651B966C1A79123800154A3C /* SoccerZeroTests.m in Sources */,
			);
			runOnlyForDeploymentPostprocessing = 0;
		};
/* End PBXSourcesBuildPhase section */

/* Begin PBXTargetDependency section */
		651B96671A79123800154A3C /* PBXTargetDependency */ = {
			isa = PBXTargetDependency;
			target = 651B96511A79123700154A3C /* SoccerZero */;
			targetProxy = 651B96661A79123800154A3C /* PBXContainerItemProxy */;
		};
/* End PBXTargetDependency section */

/* Begin PBXVariantGroup section */
		651B965E1A79123700154A3C /* LaunchScreen.xib */ = {
			isa = PBXVariantGroup;
			children = (
				651B965F1A79123700154A3C /* Base */,
			);
			name = LaunchScreen.xib;
			sourceTree = "<group>";
		};
/* End PBXVariantGroup section */

/* Begin XCBuildConfiguration section */
		651B966D1A79123800154A3C /* Debug */ = {
			isa = XCBuildConfiguration;
			buildSettings = {
				ALWAYS_SEARCH_USER_PATHS = NO;
				CLANG_CXX_LANGUAGE_STANDARD = "gnu++0x";
				CLANG_CXX_LIBRARY = "libc++";
				CLANG_ENABLE_MODULES = YES;
				CLANG_ENABLE_OBJC_ARC = YES;
				CLANG_WARN_BOOL_CONVERSION = YES;
				CLANG_WARN_CONSTANT_CONVERSION = YES;
				CLANG_WARN_DIRECT_OBJC_ISA_USAGE = YES_ERROR;
				CLANG_WARN_EMPTY_BODY = YES;
				CLANG_WARN_ENUM_CONVERSION = YES;
				CLANG_WARN_INT_CONVERSION = YES;
				CLANG_WARN_OBJC_ROOT_CLASS = YES_ERROR;
				CLANG_WARN_UNREACHABLE_CODE = YES;
				CLANG_WARN__DUPLICATE_METHOD_MATCH = YES;
				"CODE_SIGN_IDENTITY[sdk=iphoneos*]" = "iPhone Developer";
				COPY_PHASE_STRIP = NO;
				ENABLE_STRICT_OBJC_MSGSEND = YES;
				GCC_C_LANGUAGE_STANDARD = gnu99;
				GCC_DYNAMIC_NO_PIC = NO;
				GCC_OPTIMIZATION_LEVEL = 0;
				GCC_PREPROCESSOR_DEFINITIONS = (
					"DEBUG=1",
					"$(inherited)",
				);
				GCC_SYMBOLS_PRIVATE_EXTERN = NO;
				GCC_WARN_64_TO_32_BIT_CONVERSION = YES;
				GCC_WARN_ABOUT_RETURN_TYPE = YES_ERROR;
				GCC_WARN_UNDECLARED_SELECTOR = YES;
				GCC_WARN_UNINITIALIZED_AUTOS = YES_AGGRESSIVE;
				GCC_WARN_UNUSED_FUNCTION = YES;
				GCC_WARN_UNUSED_VARIABLE = YES;
				IPHONEOS_DEPLOYMENT_TARGET = 8.1;
				MTL_ENABLE_DEBUG_INFO = YES;
				ONLY_ACTIVE_ARCH = YES;
				SDKROOT = iphoneos;
			};
			name = Debug;
		};
		651B966E1A79123800154A3C /* Release */ = {
			isa = XCBuildConfiguration;
			buildSettings = {
				ALWAYS_SEARCH_USER_PATHS = NO;
				CLANG_CXX_LANGUAGE_STANDARD = "gnu++0x";
				CLANG_CXX_LIBRARY = "libc++";
				CLANG_ENABLE_MODULES = YES;
				CLANG_ENABLE_OBJC_ARC = YES;
				CLANG_WARN_BOOL_CONVERSION = YES;
				CLANG_WARN_CONSTANT_CONVERSION = YES;
				CLANG_WARN_DIRECT_OBJC_ISA_USAGE = YES_ERROR;
				CLANG_WARN_EMPTY_BODY = YES;
				CLANG_WARN_ENUM_CONVERSION = YES;
				CLANG_WARN_INT_CONVERSION = YES;
				CLANG_WARN_OBJC_ROOT_CLASS = YES_ERROR;
				CLANG_WARN_UNREACHABLE_CODE = YES;
				CLANG_WARN__DUPLICATE_METHOD_MATCH = YES;
				"CODE_SIGN_IDENTITY[sdk=iphoneos*]" = "iPhone Developer";
				COPY_PHASE_STRIP = YES;
				ENABLE_NS_ASSERTIONS = NO;
				ENABLE_STRICT_OBJC_MSGSEND = YES;
				GCC_C_LANGUAGE_STANDARD = gnu99;
				GCC_WARN_64_TO_32_BIT_CONVERSION = YES;
				GCC_WARN_ABOUT_RETURN_TYPE = YES_ERROR;
				GCC_WARN_UNDECLARED_SELECTOR = YES;
				GCC_WARN_UNINITIALIZED_AUTOS = YES_AGGRESSIVE;
				GCC_WARN_UNUSED_FUNCTION = YES;
				GCC_WARN_UNUSED_VARIABLE = YES;
				IPHONEOS_DEPLOYMENT_TARGET = 8.1;
				MTL_ENABLE_DEBUG_INFO = NO;
				SDKROOT = iphoneos;
				VALIDATE_PRODUCT = YES;
			};
			name = Release;
		};
		651B96701A79123800154A3C /* Debug */ = {
			isa = XCBuildConfiguration;
			buildSettings = {
				ASSETCATALOG_COMPILER_APPICON_NAME = AppIcon;
				INFOPLIST_FILE = SoccerZero/Info.plist;
				LD_RUNPATH_SEARCH_PATHS = "$(inherited) @executable_path/Frameworks";
				PRODUCT_NAME = "$(TARGET_NAME)";
			};
			name = Debug;
		};
		651B96711A79123800154A3C /* Release */ = {
			isa = XCBuildConfiguration;
			buildSettings = {
				ASSETCATALOG_COMPILER_APPICON_NAME = AppIcon;
				INFOPLIST_FILE = SoccerZero/Info.plist;
				LD_RUNPATH_SEARCH_PATHS = "$(inherited) @executable_path/Frameworks";
				PRODUCT_NAME = "$(TARGET_NAME)";
			};
			name = Release;
		};
		651B96731A79123800154A3C /* Debug */ = {
			isa = XCBuildConfiguration;
			buildSettings = {
				BUNDLE_LOADER = "$(TEST_HOST)";
				FRAMEWORK_SEARCH_PATHS = (
					"$(SDKROOT)/Developer/Library/Frameworks",
					"$(inherited)",
				);
				GCC_PREPROCESSOR_DEFINITIONS = (
					"DEBUG=1",
					"$(inherited)",
				);
				INFOPLIST_FILE = SoccerZeroTests/Info.plist;
				LD_RUNPATH_SEARCH_PATHS = "$(inherited) @executable_path/Frameworks @loader_path/Frameworks";
				PRODUCT_NAME = "$(TARGET_NAME)";
				TEST_HOST = "$(BUILT_PRODUCTS_DIR)/SoccerZero.app/SoccerZero";
			};
			name = Debug;
		};
		651B96741A79123800154A3C /* Release */ = {
			isa = XCBuildConfiguration;
			buildSettings = {
				BUNDLE_LOADER = "$(TEST_HOST)";
				FRAMEWORK_SEARCH_PATHS = (
					"$(SDKROOT)/Developer/Library/Frameworks",
					"$(inherited)",
				);
				INFOPLIST_FILE = SoccerZeroTests/Info.plist;
				LD_RUNPATH_SEARCH_PATHS = "$(inherited) @executable_path/Frameworks @loader_path/Frameworks";
				PRODUCT_NAME = "$(TARGET_NAME)";
				TEST_HOST = "$(BUILT_PRODUCTS_DIR)/SoccerZero.app/SoccerZero";
			};
			name = Release;
		};
/* End XCBuildConfiguration section */

/* Begin XCConfigurationList section */
		651B964D1A79123700154A3C /* Build configuration list for PBXProject "SoccerZero" */ = {
			isa = XCConfigurationList;
			buildConfigurations = (
				651B966D1A79123800154A3C /* Debug */,
				651B966E1A79123800154A3C /* Release */,
			);
			defaultConfigurationIsVisible = 0;
			defaultConfigurationName = Release;
		};
		651B966F1A79123800154A3C /* Build configuration list for PBXNativeTarget "SoccerZero" */ = {
			isa = XCConfigurationList;
			buildConfigurations = (
				651B96701A79123800154A3C /* Debug */,
				651B96711A79123800154A3C /* Release */,
			);
			defaultConfigurationIsVisible = 0;
			defaultConfigurationName = Release;
		};
		651B96721A79123800154A3C /* Build configuration list for PBXNativeTarget "SoccerZeroTests" */ = {
			isa = XCConfigurationList;
			buildConfigurations = (
				651B96731A79123800154A3C /* Debug */,
				651B96741A79123800154A3C /* Release */,
			);
			defaultConfigurationIsVisible = 0;
			defaultConfigurationName = Release;
		};
/* End XCConfigurationList section */

/* Begin XCVersionGroup section */
		65B92B931A91F83A00A95378 /* Model.xcdatamodeld */ = {
			isa = XCVersionGroup;
			children = (
				65B92B941A91F83A00A95378 /* Model.xcdatamodel */,
			);
			currentVersion = 65B92B941A91F83A00A95378 /* Model.xcdatamodel */;
			path = Model.xcdatamodeld;
			sourceTree = "<group>";
			versionGroupType = wrapper.xcdatamodel;
		};
/* End XCVersionGroup section */
	};
	rootObject = 651B964A1A79123700154A3C /* Project object */;
}
